
Microsoft Visual Studio Solution File, Format Version 12.00
# Visual Studio Version 17
VisualStudioVersion = 17.3.32901.215
MinimumVisualStudioVersion = 10.0.40219.1
Project("{FAE04EC0-301F-11D3-BF4B-00C04F79EFBC}") = "l13_LERT_1071922", "l13_LERT_1071922\l13_LERT_1071922.csproj", "{873F5063-2E9B-4F74-B197-BC11BE193DDF}"
EndProject
Global
	GlobalSection(SolutionConfigurationPlatforms) = preSolution
		Debug|Any CPU = Debug|Any CPU
		Release|Any CPU = Release|Any CPU
	EndGlobalSection
	GlobalSection(ProjectConfigurationPlatforms) = postSolution
		{873F5063-2E9B-4F74-B197-BC11BE193DDF}.Debug|Any CPU.ActiveCfg = Debug|Any CPU
		{873F5063-2E9B-4F74-B197-BC11BE193DDF}.Debug|Any CPU.Build.0 = Debug|Any CPU
		{873F5063-2E9B-4F74-B197-BC11BE193DDF}.Release|Any CPU.ActiveCfg = Release|Any CPU
		{873F5063-2E9B-4F74-B197-BC11BE193DDF}.Release|Any CPU.Build.0 = Release|Any CPU
	EndGlobalSection
	GlobalSection(SolutionProperties) = preSolution
		HideSolutionNode = FALSE
	EndGlobalSection
	GlobalSection(ExtensibilityGlobals) = postSolution
		SolutionGuid = {636F00F1-346D-4A9A-AB7C-CEAF11FA4AA1}
	EndGlobalSection
EndGlobal
